// !$*UTF8*$!
{
	archiveVersion = 1;
	classes = {
	};
	objectVersion = 46;
	objects = {

/* Begin PBXBuildFile section */
		47AC712A1E255A680061260E /* AppDelegate.swift in Sources */ = {isa = PBXBuildFile; fileRef = 47AC71291E255A680061260E /* AppDelegate.swift */; };
		47AC712C1E255A680061260E /* ViewController.swift in Sources */ = {isa = PBXBuildFile; fileRef = 47AC712B1E255A680061260E /* ViewController.swift */; };
		47AC712F1E255A680061260E /* Main.storyboard in Resources */ = {isa = PBXBuildFile; fileRef = 47AC712D1E255A680061260E /* Main.storyboard */; };
		47AC71311E255A680061260E /* Assets.xcassets in Resources */ = {isa = PBXBuildFile; fileRef = 47AC71301E255A680061260E /* Assets.xcassets */; };
		47AC71341E255A680061260E /* LaunchScreen.storyboard in Resources */ = {isa = PBXBuildFile; fileRef = 47AC71321E255A680061260E /* LaunchScreen.storyboard */; };
		8DF336DA3A15E11FB41397D7 /* Pods_swiftyJoe.framework in Frameworks */ = {isa = PBXBuildFile; fileRef = 0B4CFC94BFC4D1474309361E /* Pods_swiftyJoe.framework */; };
/* End PBXBuildFile section */

/* Begin PBXFileReference section */
		0B4CFC94BFC4D1474309361E /* Pods_swiftyJoe.framework */ = {isa = PBXFileReference; explicitFileType = wrapper.framework; includeInIndex = 0; path = Pods_swiftyJoe.framework; sourceTree = BUILT_PRODUCTS_DIR; };
		47AC71261E255A680061260E /* swiftyJoe.app */ = {isa = PBXFileReference; explicitFileType = wrapper.application; includeInIndex = 0; path = swiftyJoe.app; sourceTree = BUILT_PRODUCTS_DIR; };
		47AC71291E255A680061260E /* AppDelegate.swift */ = {isa = PBXFileReference; lastKnownFileType = sourcecode.swift; path = AppDelegate.swift; sourceTree = "<group>"; };
		47AC712B1E255A680061260E /* ViewController.swift */ = {isa = PBXFileReference; lastKnownFileType = sourcecode.swift; path = ViewController.swift; sourceTree = "<group>"; };
		47AC712E1E255A680061260E /* Base */ = {isa = PBXFileReference; lastKnownFileType = file.storyboard; name = Base; path = Base.lproj/Main.storyboard; sourceTree = "<group>"; };
		47AC71301E255A680061260E /* Assets.xcassets */ = {isa = PBXFileReference; lastKnownFileType = folder.assetcatalog; path = Assets.xcassets; sourceTree = "<group>"; };
		47AC71331E255A680061260E /* Base */ = {isa = PBXFileReference; lastKnownFileType = file.storyboard; name = Base; path = Base.lproj/LaunchScreen.storyboard; sourceTree = "<group>"; };
		47AC71351E255A680061260E /* Info.plist */ = {isa = PBXFileReference; lastKnownFileType = text.plist.xml; path = Info.plist; sourceTree = "<group>"; };
		B5BC319EAD0878197CFBAB29 /* Pods-swiftyJoe.debug.xcconfig */ = {isa = PBXFileReference; includeInIndex = 1; lastKnownFileType = text.xcconfig; name = "Pods-swiftyJoe.debug.xcconfig"; path = "Pods/Target Support Files/Pods-swiftyJoe/Pods-swiftyJoe.debug.xcconfig"; sourceTree = "<group>"; };
		BF0549B0C07F0C643D8C72C9 /* Pods-swiftyJoe.release.xcconfig */ = {isa = PBXFileReference; includeInIndex = 1; lastKnownFileType = text.xcconfig; name = "Pods-swiftyJoe.release.xcconfig"; path = "Pods/Target Support Files/Pods-swiftyJoe/Pods-swiftyJoe.release.xcconfig"; sourceTree = "<group>"; };
/* End PBXFileReference section */

/* Begin PBXFrameworksBuildPhase section */
		47AC71231E255A680061260E /* Frameworks */ = {
			isa = PBXFrameworksBuildPhase;
			buildActionMask = 2147483647;
			files = (
				8DF336DA3A15E11FB41397D7 /* Pods_swiftyJoe.framework in Frameworks */,
			);
			runOnlyForDeploymentPostprocessing = 0;
		};
/* End PBXFrameworksBuildPhase section */

/* Begin PBXGroup section */
		47AC711D1E255A680061260E = {
			isa = PBXGroup;
			children = (
				47AC71281E255A680061260E /* swiftyJoe */,
				47AC71271E255A680061260E /* Products */,
				B9F4192D312722D4245E348E /* Pods */,
				E24AF066642C97A646732025 /* Frameworks */,
			);
			sourceTree = "<group>";
		};
		47AC71271E255A680061260E /* Products */ = {
			isa = PBXGroup;
			children = (
				47AC71261E255A680061260E /* swiftyJoe.app */,
			);
			name = Products;
			sourceTree = "<group>";
		};
		47AC71281E255A680061260E /* swiftyJoe */ = {
			isa = PBXGroup;
			children = (
				47AC71291E255A680061260E /* AppDelegate.swift */,
				47AC712B1E255A680061260E /* ViewController.swift */,
				47AC712D1E255A680061260E /* Main.storyboard */,
				47AC71301E255A680061260E /* Assets.xcassets */,
				47AC71321E255A680061260E /* LaunchScreen.storyboard */,
				47AC71351E255A680061260E /* Info.plist */,
			);
			path = swiftyJoe;
			sourceTree = "<group>";
		};
		B9F4192D312722D4245E348E /* Pods */ = {
			isa = PBXGroup;
			children = (
				B5BC319EAD0878197CFBAB29 /* Pods-swiftyJoe.debug.xcconfig */,
				BF0549B0C07F0C643D8C72C9 /* Pods-swiftyJoe.release.xcconfig */,
			);
			name = Pods;
			sourceTree = "<group>";
		};
		E24AF066642C97A646732025 /* Frameworks */ = {
			isa = PBXGroup;
			children = (
				0B4CFC94BFC4D1474309361E /* Pods_swiftyJoe.framework */,
			);
			name = Frameworks;
			sourceTree = "<group>";
		};
/* End PBXGroup section */

/* Begin PBXNativeTarget section */
		47AC71251E255A680061260E /* swiftyJoe */ = {
			isa = PBXNativeTarget;
			buildConfigurationList = 47AC71381E255A680061260E /* Build configuration list for PBXNativeTarget "swiftyJoe" */;
			buildPhases = (
				CBBB7A4E66E4D3241FFB85F3 /* [CP] Check Pods Manifest.lock */,
				47AC71221E255A680061260E /* Sources */,
				47AC71231E255A680061260E /* Frameworks */,
				47AC71241E255A680061260E /* Resources */,
				F6A69D592F292B5AE283A351 /* [CP] Embed Pods Frameworks */,
			);
			buildRules = (
			);
			dependencies = (
			);
			name = swiftyJoe;
			productName = swiftyJoe;
			productReference = 47AC71261E255A680061260E /* swiftyJoe.app */;
			productType = "com.apple.product-type.application";
		};
/* End PBXNativeTarget section */

/* Begin PBXProject section */
		47AC711E1E255A680061260E /* Project object */ = {
			isa = PBXProject;
			attributes = {
				LastSwiftUpdateCheck = 0800;
				LastUpgradeCheck = 0800;
				ORGANIZATIONNAME = JMalysz;
				TargetAttributes = {
					47AC71251E255A680061260E = {
						CreatedOnToolsVersion = 8.0;
						DevelopmentTeam = NQJ73Y7463;
						ProvisioningStyle = Automatic;
					};
				};
			};
			buildConfigurationList = 47AC71211E255A680061260E /* Build configuration list for PBXProject "swiftyJoe" */;
			compatibilityVersion = "Xcode 3.2";
			developmentRegion = English;
			hasScannedForEncodings = 0;
			knownRegions = (
				en,
				Base,
			);
			mainGroup = 47AC711D1E255A680061260E;
			productRefGroup = 47AC71271E255A680061260E /* Products */;
			projectDirPath = "";
			projectRoot = "";
			targets = (
				47AC71251E255A680061260E /* swiftyJoe */,
			);
		};
/* End PBXProject section */

/* Begin PBXResourcesBuildPhase section */
		47AC71241E255A680061260E /* Resources */ = {
			isa = PBXResourcesBuildPhase;
			buildActionMask = 2147483647;
			files = (
				47AC71341E255A680061260E /* LaunchScreen.storyboard in Resources */,
				47AC71311E255A680061260E /* Assets.xcassets in Resources */,
				47AC712F1E255A680061260E /* Main.storyboard in Resources */,
			);
			runOnlyForDeploymentPostprocessing = 0;
		};
/* End PBXResourcesBuildPhase section */

/* Begin PBXShellScriptBuildPhase section */
		CBBB7A4E66E4D3241FFB85F3 /* [CP] Check Pods Manifest.lock */ = {
			isa = PBXShellScriptBuildPhase;
			buildActionMask = 2147483647;
			files = (
			);
			inputPaths = (
				"${PODS_PODFILE_DIR_PATH}/Podfile.lock",
				"${PODS_ROOT}/Manifest.lock",
			);
			name = "[CP] Check Pods Manifest.lock";
			outputPaths = (
				"$(DERIVED_FILE_DIR)/Pods-swiftyJoe-checkManifestLockResult.txt",
			);
			runOnlyForDeploymentPostprocessing = 0;
			shellPath = /bin/sh;
			shellScript = "diff \"${PODS_PODFILE_DIR_PATH}/Podfile.lock\" \"${PODS_ROOT}/Manifest.lock\" > /dev/null\nif [ $? != 0 ] ; then\n    # print error to STDERR\n    echo \"error: The sandbox is not in sync with the Podfile.lock. Run 'pod install' or update your CocoaPods installation.\" >&2\n    exit 1\nfi\n# This output is used by Xcode 'outputs' to avoid re-running this script phase.\necho \"SUCCESS\" > \"${SCRIPT_OUTPUT_FILE_0}\"\n";
			showEnvVarsInLog = 0;
		};
		F6A69D592F292B5AE283A351 /* [CP] Embed Pods Frameworks */ = {
			isa = PBXShellScriptBuildPhase;
			buildActionMask = 2147483647;
			files = (
			);
			inputPaths = (
				"${SRCROOT}/Pods/Target Support Files/Pods-swiftyJoe/Pods-swiftyJoe-frameworks.sh",
				"${BUILT_PRODUCTS_DIR}/Mixpanel-swift/Mixpanel.framework",
				"${BUILT_PRODUCTS_DIR}/mParticle-Apple-SDK/mParticle_Apple_SDK.framework",
			);
			name = "[CP] Embed Pods Frameworks";
			outputPaths = (
				"${TARGET_BUILD_DIR}/${FRAMEWORKS_FOLDER_PATH}/Mixpanel.framework",
				"${TARGET_BUILD_DIR}/${FRAMEWORKS_FOLDER_PATH}/mParticle_Apple_SDK.framework",
			);
			runOnlyForDeploymentPostprocessing = 0;
			shellPath = /bin/sh;
			shellScript = "\"${SRCROOT}/Pods/Target Support Files/Pods-swiftyJoe/Pods-swiftyJoe-frameworks.sh\"\n";
			showEnvVarsInLog = 0;
		};
/* End PBXShellScriptBuildPhase section */

/* Begin PBXSourcesBuildPhase section */
		47AC71221E255A680061260E /* Sources */ = {
			isa = PBXSourcesBuildPhase;
			buildActionMask = 2147483647;
			files = (
				47AC712C1E255A680061260E /* ViewController.swift in Sources */,
				47AC712A1E255A680061260E /* AppDelegate.swift in Sources */,
			);
			runOnlyForDeploymentPostprocessing = 0;
		};
/* End PBXSourcesBuildPhase section */

/* Begin PBXVariantGroup section */
		47AC712D1E255A680061260E /* Main.storyboard */ = {
			isa = PBXVariantGroup;
			children = (
				47AC712E1E255A680061260E /* Base */,
			);
			name = Main.storyboard;
			sourceTree = "<group>";
		};
		47AC71321E255A680061260E /* LaunchScreen.storyboard */ = {
			isa = PBXVariantGroup;
			children = (
				47AC71331E255A680061260E /* Base */,
			);
			name = LaunchScreen.storyboard;
			sourceTree = "<group>";
		};
/* End PBXVariantGroup section */

/* Begin XCBuildConfiguration section */
		47AC71361E255A680061260E /* Debug */ = {
			isa = XCBuildConfiguration;
			buildSettings = {
				ALWAYS_SEARCH_USER_PATHS = NO;
				CLANG_ANALYZER_NONNULL = YES;
				CLANG_CXX_LANGUAGE_STANDARD = "gnu++0x";
				CLANG_CXX_LIBRARY = "libc++";
				CLANG_ENABLE_MODULES = YES;
				CLANG_ENABLE_OBJC_ARC = YES;
				CLANG_WARN_BOOL_CONVERSION = YES;
				CLANG_WARN_CONSTANT_CONVERSION = YES;
				CLANG_WARN_DIRECT_OBJC_ISA_USAGE = YES_ERROR;
				CLANG_WARN_DOCUMENTATION_COMMENTS = YES;
				CLANG_WARN_EMPTY_BODY = YES;
				CLANG_WARN_ENUM_CONVERSION = YES;
				CLANG_WARN_INFINITE_RECURSION = YES;
				CLANG_WARN_INT_CONVERSION = YES;
				CLANG_WARN_OBJC_ROOT_CLASS = YES_ERROR;
				CLANG_WARN_SUSPICIOUS_MOVES = YES;
				CLANG_WARN_UNREACHABLE_CODE = YES;
				CLANG_WARN__DUPLICATE_METHOD_MATCH = YES;
				"CODE_SIGN_IDENTITY[sdk=iphoneos*]" = "iPhone Developer";
				COPY_PHASE_STRIP = NO;
				DEBUG_INFORMATION_FORMAT = dwarf;
				ENABLE_STRICT_OBJC_MSGSEND = YES;
				ENABLE_TESTABILITY = YES;
				GCC_C_LANGUAGE_STANDARD = gnu99;
				GCC_DYNAMIC_NO_PIC = NO;
				GCC_NO_COMMON_BLOCKS = YES;
				GCC_OPTIMIZATION_LEVEL = 0;
				GCC_PREPROCESSOR_DEFINITIONS = (
					"DEBUG=1",
					"$(inherited)",
				);
				GCC_WARN_64_TO_32_BIT_CONVERSION = YES;
				GCC_WARN_ABOUT_RETURN_TYPE = YES_ERROR;
				GCC_WARN_UNDECLARED_SELECTOR = YES;
				GCC_WARN_UNINITIALIZED_AUTOS = YES_AGGRESSIVE;
				GCC_WARN_UNUSED_FUNCTION = YES;
				GCC_WARN_UNUSED_VARIABLE = YES;
				IPHONEOS_DEPLOYMENT_TARGET = 10.0;
				MTL_ENABLE_DEBUG_INFO = YES;
				ONLY_ACTIVE_ARCH = YES;
				SDKROOT = iphoneos;
				SWIFT_ACTIVE_COMPILATION_CONDITIONS = DEBUG;
				SWIFT_OPTIMIZATION_LEVEL = "-Onone";
				TARGETED_DEVICE_FAMILY = "1,2";
			};
			name = Debug;
		};
		47AC71371E255A680061260E /* Release */ = {
			isa = XCBuildConfiguration;
			buildSettings = {
				ALWAYS_SEARCH_USER_PATHS = NO;
				CLANG_ANALYZER_NONNULL = YES;
				CLANG_CXX_LANGUAGE_STANDARD = "gnu++0x";
				CLANG_CXX_LIBRARY = "libc++";
				CLANG_ENABLE_MODULES = YES;
				CLANG_ENABLE_OBJC_ARC = YES;
				CLANG_WARN_BOOL_CONVERSION = YES;
				CLANG_WARN_CONSTANT_CONVERSION = YES;
				CLANG_WARN_DIRECT_OBJC_ISA_USAGE = YES_ERROR;
				CLANG_WARN_DOCUMENTATION_COMMENTS = YES;
				CLANG_WARN_EMPTY_BODY = YES;
				CLANG_WARN_ENUM_CONVERSION = YES;
				CLANG_WARN_INFINITE_RECURSION = YES;
				CLANG_WARN_INT_CONVERSION = YES;
				CLANG_WARN_OBJC_ROOT_CLASS = YES_ERROR;
				CLANG_WARN_SUSPICIOUS_MOVES = YES;
				CLANG_WARN_UNREACHABLE_CODE = YES;
				CLANG_WARN__DUPLICATE_METHOD_MATCH = YES;
				"CODE_SIGN_IDENTITY[sdk=iphoneos*]" = "iPhone Developer";
				COPY_PHASE_STRIP = NO;
				DEBUG_INFORMATION_FORMAT = "dwarf-with-dsym";
				ENABLE_NS_ASSERTIONS = NO;
				ENABLE_STRICT_OBJC_MSGSEND = YES;
				GCC_C_LANGUAGE_STANDARD = gnu99;
				GCC_NO_COMMON_BLOCKS = YES;
				GCC_WARN_64_TO_32_BIT_CONVERSION = YES;
				GCC_WARN_ABOUT_RETURN_TYPE = YES_ERROR;
				GCC_WARN_UNDECLARED_SELECTOR = YES;
				GCC_WARN_UNINITIALIZED_AUTOS = YES_AGGRESSIVE;
				GCC_WARN_UNUSED_FUNCTION = YES;
				GCC_WARN_UNUSED_VARIABLE = YES;
				IPHONEOS_DEPLOYMENT_TARGET = 10.0;
				MTL_ENABLE_DEBUG_INFO = NO;
				SDKROOT = iphoneos;
				SWIFT_OPTIMIZATION_LEVEL = "-Owholemodule";
				TARGETED_DEVICE_FAMILY = "1,2";
				VALIDATE_PRODUCT = YES;
			};
			name = Release;
		};
		47AC71391E255A680061260E /* Debug */ = {
			isa = XCBuildConfiguration;
			baseConfigurationReference = B5BC319EAD0878197CFBAB29 /* Pods-swiftyJoe.debug.xcconfig */;
			buildSettings = {
				ASSETCATALOG_COMPILER_APPICON_NAME = AppIcon;
				DEVELOPMENT_TEAM = NQJ73Y7463;
				INFOPLIST_FILE = swiftyJoe/Info.plist;
				LD_RUNPATH_SEARCH_PATHS = "$(inherited) @executable_path/Frameworks";
				PRODUCT_BUNDLE_IDENTIFIER = JMalysz.swiftyJoe;
				PRODUCT_NAME = "$(TARGET_NAME)";
				SWIFT_VERSION = 4.0;
			};
			name = Debug;
		};
		47AC713A1E255A680061260E /* Release */ = {
			isa = XCBuildConfiguration;
			baseConfigurationReference = BF0549B0C07F0C643D8C72C9 /* Pods-swiftyJoe.release.xcconfig */;
			buildSettings = {
				ASSETCATALOG_COMPILER_APPICON_NAME = AppIcon;
				DEVELOPMENT_TEAM = NQJ73Y7463;
				INFOPLIST_FILE = swiftyJoe/Info.plist;
				LD_RUNPATH_SEARCH_PATHS = "$(inherited) @executable_path/Frameworks";
				PRODUCT_BUNDLE_IDENTIFIER = JMalysz.swiftyJoe;
				PRODUCT_NAME = "$(TARGET_NAME)";
				SWIFT_VERSION = 4.0;
			};
			name = Release;
		};
/* End XCBuildConfiguration section */

/* Begin XCConfigurationList section */
		47AC71211E255A680061260E /* Build configuration list for PBXProject "swiftyJoe" */ = {
			isa = XCConfigurationList;
			buildConfigurations = (
				47AC71361E255A680061260E /* Debug */,
				47AC71371E255A680061260E /* Release */,
			);
			defaultConfigurationIsVisible = 0;
			defaultConfigurationName = Release;
		};
		47AC71381E255A680061260E /* Build configuration list for PBXNativeTarget "swiftyJoe" */ = {
			isa = XCConfigurationList;
			buildConfigurations = (
				47AC71391E255A680061260E /* Debug */,
				47AC713A1E255A680061260E /* Release */,
			);
			defaultConfigurationIsVisible = 0;
			defaultConfigurationName = Release;
		};
/* End XCConfigurationList section */
	};
	rootObject = 47AC711E1E255A680061260E /* Project object */;
}
